<Solution>
  <Folder Name="/src/">
    <Project Path="src/Boo.Lang/Boo.Lang.csproj" />
    <Project Path="src/Boo.Lang.Compiler/Boo.Lang.Compiler.csproj" />
    <Project Path="src/Boo.Lang.Parser/Boo.Lang.Parser.csproj" />
    <Project Path="src/booc/booc.csproj" />
    <Project Path="src/Boo.Lang.Extensions/Boo.Lang.Extensions.booproj" Type="{9A19103F-16F7-4668-BE54-9A1E7A4F7556}" />
    <Project Path="src/Boo.Lang.PatternMatching/Boo.Lang.PatternMatching.booproj" Type="{9A19103F-16F7-4668-BE54-9A1E7A4F7556}" />
    <Project Path="src/Boo.Lang.Useful/Boo.Lang.Useful.booproj" Type="{9A19103F-16F7-4668-BE54-9A1E7A4F7556}" />
    <Project Path="src/Boo.Lang.Interpreter/Boo.Lang.Interpreter.booproj" Type="{9A19103F-16F7-4668-BE54-9A1E7A4F7556}" />
    <Project Path="src/Boo.Lang.CodeDom/Boo.Lang.CodeDom.booproj" Type="{9A19103F-16F7-4668-BE54-9A1E7A4F7556}" />
    <Project Path="src/Boo.Microsoft.Build.Tasks/Boo.Microsoft.Build.Tasks.booproj" Type="{9A19103F-16F7-4668-BE54-9A1E7A4F7556}" />
    <Project Path="src/booi/booi.booproj" Type="{9A19103F-16F7-4668-BE54-9A1E7A4F7556}" />
    <Project Path="src/booish/booish.booproj" Type="{9A19103F-16F7-4668-BE54-9A1E7A4F7556}" />
  </Folder>
  <Folder Name="/tests/">
    <Project Path="tests/Boo.Lang.Tests/Boo.Lang.Tests.csproj" />
    <Project Path="tests/Boo.Lang.Runtime.Tests/Boo.Lang.Runtime.Tests.csproj" />
    <Project Path="tests/booc.Tests/booc.Tests.csproj" />
    <Project Path="tests/BooCompiler.Tests/BooCompiler.Tests.csproj" />
    <Project Path="tests/Boo.Lang.Parser.Tests/Boo.Lang.Parser.Tests.csproj" />
    <Project Path="tests/BooSupportingClasses/BooSupportingClasses.booproj" Type="{9A19103F-16F7-4668-BE54-9A1E7A4F7556}" />
    <Project Path="tests/BooModules/BooModules.booproj" Type="{9A19103F-16F7-4668-BE54-9A1E7A4F7556}" />
    <Project Path="tests/Boo.Lang.CodeDom.Tests/Boo.Lang.CodeDom.Tests.booproj" Type="{9A19103F-16F7-4668-BE54-9A1E7A4F7556}" />
    <Project Path="tests/Boo.Lang.PatternMatching.Tests/Boo.Lang.PatternMatching.Tests.booproj" Type="{9A19103F-16F7-4668-BE54-9A1E7A4F7556}" />
    <Project Path="tests/Boo.Lang.Interpreter.Tests/Boo.Lang.Interpreter.Tests.booproj" Type="{9A19103F-16F7-4668-BE54-9A1E7A4F7556}" />
    <Project Path="tests/Boo.Lang.Useful.Tests/Boo.Lang.Useful.Tests.booproj" Type="{9A19103F-16F7-4668-BE54-9A1E7A4F7556}" />
  </Folder>
</Solution>
