
Microsoft Visual Studio Solution File, Format Version 10.00
# Visual Studio 2008
# SharpDevelop 3.1.1.5275
Project("{FAE04EC0-301F-11D3-BF4B-00C04F79EFBC}") = "Boo.Lang-VS2008", "Boo.Lang\Boo.Lang-VS2008.csproj", "{A359E52E-5E90-40F3-A5F0-257FE2D545EE}"
EndProject
Project("{FAE04EC0-301F-11D3-BF4B-00C04F79EFBC}") = "Boo.Lang.Compiler-VS2008", "Boo.Lang.Compiler\Boo.Lang.Compiler-VS2008.csproj", "{7EAC855C-AB70-4CEB-9B9A-8B60712277E2}"
EndProject
Project("{FAE04EC0-301F-11D3-BF4B-00C04F79EFBC}") = "Boo.Lang.Parser-VS2008", "Boo.Lang.Parser\Boo.Lang.Parser-VS2008.csproj", "{BA0306B9-A10B-4D29-B219-0DFBE24741E8}"
EndProject
Project("{FAE04EC0-301F-11D3-BF4B-00C04F79EFBC}") = "BooCompiler.Tests-VS2008", "..\tests\BooCompiler.Tests\BooCompiler.Tests-VS2008.csproj", "{A275332A-DE63-4FC3-844E-F765554D26A7}"
EndProject
Project("{FAE04EC0-301F-11D3-BF4B-00C04F79EFBC}") = "booc", "booc\booc.csproj", "{3D5461D4-F243-41A5-927B-6636CEE2E6B8}"
EndProject
Project("{FAE04EC0-301F-11D3-BF4B-00C04F79EFBC}") = "Boo.Lang.Runtime.Tests-VS2008", "..\tests\Boo.Lang.Runtime.Tests\Boo.Lang.Runtime.Tests-VS2008.csproj", "{65AB5FCE-2BEA-4606-83CD-B4E9C44B4B1B}"
EndProject
Project("{FAE04EC0-301F-11D3-BF4B-00C04F79EFBC}") = "Boo.Lang.Parser.Tests", "..\tests\Boo.Lang.Parser.Tests\Boo.Lang.Parser.Tests.csproj", "{C4994D0C-E028-4610-83C7-D3A91201C7C4}"
EndProject
Project("{A33008B1-5DAC-44D5-9060-242E3B6E38F2}") = "Boo.Lang.Useful", "Boo.Lang.Useful\Boo.Lang.Useful.booproj", "{C7CA440B-2A76-420D-8B0E-5E5C1676F451}"
EndProject
Project("{A33008B1-5DAC-44D5-9060-242E3B6E38F2}") = "Boo.Lang.Useful.Tests", "..\tests\Boo.Lang.Useful.Tests\Boo.Lang.Useful.Tests.booproj", "{69186382-466B-4D10-997E-569F3F5FD0FE}"
EndProject
Project("{A33008B1-5DAC-44D5-9060-242E3B6E38F2}") = "Boo.Lang.PatternMatching", "Boo.Lang.PatternMatching\Boo.Lang.PatternMatching.booproj", "{9B9E8B32-CDBC-4E01-B330-1CA26697CAD9}"
EndProject
Project("{A33008B1-5DAC-44D5-9060-242E3B6E38F2}") = "Boo.Lang.PatternMatching.Tests", "..\tests\Boo.Lang.PatternMatching.Tests\Boo.Lang.PatternMatching.Tests.booproj", "{F8CA4AC3-879C-40C3-9E06-E8192835506A}"
EndProject
Global
	GlobalSection(SolutionConfigurationPlatforms) = preSolution
		Debug Net-1.1|Any CPU = Debug Net-1.1|Any CPU
		Debug|Any CPU = Debug|Any CPU
		Release|Any CPU = Release|Any CPU
	EndGlobalSection
	GlobalSection(ProjectConfigurationPlatforms) = postSolution
		{3D5461D4-F243-41A5-927B-6636CEE2E6B8}.Debug Net-1.1|Any CPU.ActiveCfg = Debug|Any CPU
		{3D5461D4-F243-41A5-927B-6636CEE2E6B8}.Debug Net-1.1|Any CPU.Build.0 = Debug|Any CPU
		{3D5461D4-F243-41A5-927B-6636CEE2E6B8}.Debug|Any CPU.ActiveCfg = Debug|Any CPU
		{3D5461D4-F243-41A5-927B-6636CEE2E6B8}.Debug|Any CPU.Build.0 = Debug|Any CPU
		{3D5461D4-F243-41A5-927B-6636CEE2E6B8}.Release|Any CPU.ActiveCfg = Release|Any CPU
		{3D5461D4-F243-41A5-927B-6636CEE2E6B8}.Release|Any CPU.Build.0 = Release|Any CPU
		{65AB5FCE-2BEA-4606-83CD-B4E9C44B4B1B}.Debug Net-1.1|Any CPU.ActiveCfg = Debug|Any CPU
		{65AB5FCE-2BEA-4606-83CD-B4E9C44B4B1B}.Debug Net-1.1|Any CPU.Build.0 = Debug|Any CPU
		{65AB5FCE-2BEA-4606-83CD-B4E9C44B4B1B}.Debug|Any CPU.ActiveCfg = Debug|Any CPU
		{65AB5FCE-2BEA-4606-83CD-B4E9C44B4B1B}.Debug|Any CPU.Build.0 = Debug|Any CPU
		{65AB5FCE-2BEA-4606-83CD-B4E9C44B4B1B}.Release|Any CPU.ActiveCfg = Release|Any CPU
		{65AB5FCE-2BEA-4606-83CD-B4E9C44B4B1B}.Release|Any CPU.Build.0 = Release|Any CPU
		{69186382-466B-4D10-997E-569F3F5FD0FE}.Debug Net-1.1|Any CPU.ActiveCfg = Debug|Any CPU
		{69186382-466B-4D10-997E-569F3F5FD0FE}.Debug Net-1.1|Any CPU.Build.0 = Debug|Any CPU
		{69186382-466B-4D10-997E-569F3F5FD0FE}.Debug|Any CPU.ActiveCfg = Debug|Any CPU
		{69186382-466B-4D10-997E-569F3F5FD0FE}.Debug|Any CPU.Build.0 = Debug|Any CPU
		{69186382-466B-4D10-997E-569F3F5FD0FE}.Release|Any CPU.ActiveCfg = Release|Any CPU
		{69186382-466B-4D10-997E-569F3F5FD0FE}.Release|Any CPU.Build.0 = Release|Any CPU
		{7EAC855C-AB70-4CEB-9B9A-8B60712277E2}.Debug Net-1.1|Any CPU.ActiveCfg = Debug|Any CPU
		{7EAC855C-AB70-4CEB-9B9A-8B60712277E2}.Debug Net-1.1|Any CPU.Build.0 = Debug|Any CPU
		{7EAC855C-AB70-4CEB-9B9A-8B60712277E2}.Debug|Any CPU.ActiveCfg = Debug|Any CPU
		{7EAC855C-AB70-4CEB-9B9A-8B60712277E2}.Debug|Any CPU.Build.0 = Debug|Any CPU
		{7EAC855C-AB70-4CEB-9B9A-8B60712277E2}.Release|Any CPU.ActiveCfg = Release|Any CPU
		{7EAC855C-AB70-4CEB-9B9A-8B60712277E2}.Release|Any CPU.Build.0 = Release|Any CPU
		{A275332A-DE63-4FC3-844E-F765554D26A7}.Debug Net-1.1|Any CPU.ActiveCfg = Debug|Any CPU
		{A275332A-DE63-4FC3-844E-F765554D26A7}.Debug Net-1.1|Any CPU.Build.0 = Debug|Any CPU
		{A275332A-DE63-4FC3-844E-F765554D26A7}.Debug|Any CPU.ActiveCfg = Debug|Any CPU
		{A275332A-DE63-4FC3-844E-F765554D26A7}.Debug|Any CPU.Build.0 = Debug|Any CPU
		{A275332A-DE63-4FC3-844E-F765554D26A7}.Release|Any CPU.ActiveCfg = Release|Any CPU
		{A275332A-DE63-4FC3-844E-F765554D26A7}.Release|Any CPU.Build.0 = Release|Any CPU
		{A359E52E-5E90-40F3-A5F0-257FE2D545EE}.Debug Net-1.1|Any CPU.ActiveCfg = Debug|Any CPU
		{A359E52E-5E90-40F3-A5F0-257FE2D545EE}.Debug Net-1.1|Any CPU.Build.0 = Debug|Any CPU
		{A359E52E-5E90-40F3-A5F0-257FE2D545EE}.Debug|Any CPU.ActiveCfg = Debug|Any CPU
		{A359E52E-5E90-40F3-A5F0-257FE2D545EE}.Debug|Any CPU.Build.0 = Debug|Any CPU
		{A359E52E-5E90-40F3-A5F0-257FE2D545EE}.Release|Any CPU.ActiveCfg = Release|Any CPU
		{A359E52E-5E90-40F3-A5F0-257FE2D545EE}.Release|Any CPU.Build.0 = Release|Any CPU
		{BA0306B9-A10B-4D29-B219-0DFBE24741E8}.Debug Net-1.1|Any CPU.ActiveCfg = Debug|Any CPU
		{BA0306B9-A10B-4D29-B219-0DFBE24741E8}.Debug Net-1.1|Any CPU.Build.0 = Debug|Any CPU
		{BA0306B9-A10B-4D29-B219-0DFBE24741E8}.Debug|Any CPU.ActiveCfg = Debug|Any CPU
		{BA0306B9-A10B-4D29-B219-0DFBE24741E8}.Debug|Any CPU.Build.0 = Debug|Any CPU
		{BA0306B9-A10B-4D29-B219-0DFBE24741E8}.Release|Any CPU.ActiveCfg = Release|Any CPU
		{BA0306B9-A10B-4D29-B219-0DFBE24741E8}.Release|Any CPU.Build.0 = Release|Any CPU
		{C4994D0C-E028-4610-83C7-D3A91201C7C4}.Debug Net-1.1|Any CPU.ActiveCfg = Debug|Any CPU
		{C4994D0C-E028-4610-83C7-D3A91201C7C4}.Debug Net-1.1|Any CPU.Build.0 = Debug|Any CPU
		{C4994D0C-E028-4610-83C7-D3A91201C7C4}.Debug|Any CPU.ActiveCfg = Debug|Any CPU
		{C4994D0C-E028-4610-83C7-D3A91201C7C4}.Debug|Any CPU.Build.0 = Debug|Any CPU
		{C4994D0C-E028-4610-83C7-D3A91201C7C4}.Release|Any CPU.ActiveCfg = Release|Any CPU
		{C4994D0C-E028-4610-83C7-D3A91201C7C4}.Release|Any CPU.Build.0 = Release|Any CPU
		{C7CA440B-2A76-420D-8B0E-5E5C1676F451}.Debug Net-1.1|Any CPU.ActiveCfg = Debug|Any CPU
		{C7CA440B-2A76-420D-8B0E-5E5C1676F451}.Debug Net-1.1|Any CPU.Build.0 = Debug|Any CPU
		{C7CA440B-2A76-420D-8B0E-5E5C1676F451}.Debug|Any CPU.ActiveCfg = Debug|Any CPU
		{C7CA440B-2A76-420D-8B0E-5E5C1676F451}.Debug|Any CPU.Build.0 = Debug|Any CPU
		{C7CA440B-2A76-420D-8B0E-5E5C1676F451}.Release|Any CPU.ActiveCfg = Release|Any CPU
		{C7CA440B-2A76-420D-8B0E-5E5C1676F451}.Release|Any CPU.Build.0 = Release|Any CPU
		{9B9E8B32-CDBC-4E01-B330-1CA26697CAD9}.Debug Net-1.1|Any CPU.Build.0 = Debug|Any CPU
		{9B9E8B32-CDBC-4E01-B330-1CA26697CAD9}.Debug Net-1.1|Any CPU.ActiveCfg = Debug|Any CPU
		{9B9E8B32-CDBC-4E01-B330-1CA26697CAD9}.Debug|Any CPU.Build.0 = Debug|Any CPU
		{9B9E8B32-CDBC-4E01-B330-1CA26697CAD9}.Debug|Any CPU.ActiveCfg = Debug|Any CPU
		{9B9E8B32-CDBC-4E01-B330-1CA26697CAD9}.Release|Any CPU.Build.0 = Release|Any CPU
		{9B9E8B32-CDBC-4E01-B330-1CA26697CAD9}.Release|Any CPU.ActiveCfg = Release|Any CPU
		{F8CA4AC3-879C-40C3-9E06-E8192835506A}.Debug Net-1.1|Any CPU.Build.0 = Debug|x86
		{F8CA4AC3-879C-40C3-9E06-E8192835506A}.Debug Net-1.1|Any CPU.ActiveCfg = Debug|x86
		{F8CA4AC3-879C-40C3-9E06-E8192835506A}.Debug|Any CPU.Build.0 = Debug|x86
		{F8CA4AC3-879C-40C3-9E06-E8192835506A}.Debug|Any CPU.ActiveCfg = Debug|x86
		{F8CA4AC3-879C-40C3-9E06-E8192835506A}.Release|Any CPU.Build.0 = Release|x86
		{F8CA4AC3-879C-40C3-9E06-E8192835506A}.Release|Any CPU.ActiveCfg = Release|x86
	EndGlobalSection
	GlobalSection(MonoDevelopProperties) = preSolution
		StartupItem = Boo.Lang\Boo.Lang-VS2008.csproj
	EndGlobalSection
	GlobalSection(SolutionProperties) = preSolution
		HideSolutionNode = FALSE
	EndGlobalSection
EndGlobal
