Microsoft Visual Studio Solution File, Format Version 9.00
Project("{FAE04EC0-301F-11D3-BF4B-00C04F79EFBC}") = "Boo.Lang", "Boo.Lang/Boo.Lang.csproj", "{C8E7600D-3D02-4190-BB40-9136D29F24F9}"
EndProject
Project("{FAE04EC0-301F-11D3-BF4B-00C04F79EFBC}") = "Boo_Lang_Compiler", "Boo.Lang.Compiler/Boo.Lang.Compiler.csproj", "{BF53F19B-14B5-4B98-8B64-42A914862D2E}"
EndProject
Project("{FAE04EC0-301F-11D3-BF4B-00C04F79EFBC}") = "BooC", "booc\BooC.csproj", "{7B7F9729-B676-4C57-861B-730B5DFB34F5}"
EndProject
Global
	GlobalSection(SolutionConfigurationPlatforms) = preSolution
		Debug|Any CPU = Debug|Any CPU
		Release|Any CPU = Release|Any CPU
	EndGlobalSection
	GlobalSection(ProjectConfigurationPlatforms) = postSolution
		{C8E7600D-3D02-4190-BB40-9136D29F24F9}.Debug|Any CPU.ActiveCfg = Debug|Any CPU
		{C8E7600D-3D02-4190-BB40-9136D29F24F9}.Debug|Any CPU.Build.0 = Debug|Any CPU
		{C8E7600D-3D02-4190-BB40-9136D29F24F9}.Release|Any CPU.ActiveCfg = Release|Any CPU
		{C8E7600D-3D02-4190-BB40-9136D29F24F9}.Release|Any CPU.Build.0 = Release|Any CPU
		{BF53F19B-14B5-4B98-8B64-42A914862D2E}.Debug|Any CPU.ActiveCfg = Debug|Any CPU
		{BF53F19B-14B5-4B98-8B64-42A914862D2E}.Debug|Any CPU.Build.0 = Debug|Any CPU
		{BF53F19B-14B5-4B98-8B64-42A914862D2E}.Release|Any CPU.ActiveCfg = Release|Any CPU
		{BF53F19B-14B5-4B98-8B64-42A914862D2E}.Release|Any CPU.Build.0 = Release|Any CPU
		{7B7F9729-B676-4C57-861B-730B5DFB34F5}.Debug|Any CPU.ActiveCfg = Debug|Any CPU
		{7B7F9729-B676-4C57-861B-730B5DFB34F5}.Debug|Any CPU.Build.0 = Debug|Any CPU
		{7B7F9729-B676-4C57-861B-730B5DFB34F5}.Release|Any CPU.ActiveCfg = Release|Any CPU
		{7B7F9729-B676-4C57-861B-730B5DFB34F5}.Release|Any CPU.Build.0 = Release|Any CPU
	EndGlobalSection
	GlobalSection(SolutionProperties) = preSolution
		HideSolutionNode = FALSE
	EndGlobalSection
EndGlobal
