
Microsoft Visual Studio Solution File, Format Version 9.00
# Visual Studio 2005
# SharpDevelop 2.2.0.2547
Project("{FAE04EC0-301F-11D3-BF4B-00C04F79EFBC}") = "Boo.Lang", "Boo.Lang\Boo.Lang.csproj", "{8F36FEA8-5EC9-46D3-BE8D-39AE484C1266}"
EndProject
Project("{FAE04EC0-301F-11D3-BF4B-00C04F79EFBC}") = "Boo.Lang.Parser", "Boo.Lang.Parser\Boo.Lang.Parser.csproj", "{C1943936-DBBD-4331-94C3-BE4F7E6229DA}"
EndProject
Project("{FAE04EC0-301F-11D3-BF4B-00C04F79EFBC}") = "Boo.Lang.Compiler", "Boo.Lang.Compiler\Boo.Lang.Compiler.csproj", "{83C914F8-1F12-4879-925D-D831A04366BD}"
EndProject
Project("{FAE04EC0-301F-11D3-BF4B-00C04F79EFBC}") = "booc", "booc\booc.csproj", "{3D5461D4-F243-41A5-927B-6636CEE2E6B8}"
EndProject
Project("{A33008B1-5DAC-44D5-9060-242E3B6E38F2}") = "Boo.Lang.Interpreter", "Boo.Lang.Interpreter\Boo.Lang.Interpreter.booproj", "{5AB9F617-B157-4BFC-B251-EB64C4697FC0}"
EndProject
Project("{A33008B1-5DAC-44D5-9060-242E3B6E38F2}") = "Boo.Lang.Useful", "Boo.Lang.Useful\Boo.Lang.Useful.booproj", "{C7CA440B-2A76-420D-8B0E-5E5C1676F451}"
EndProject
Project("{A33008B1-5DAC-44D5-9060-242E3B6E38F2}") = "Boo.Lang.Useful.Tests", "..\tests\Boo.Lang.Useful.Tests\Boo.Lang.Useful.Tests.booproj", "{69186382-466B-4D10-997E-569F3F5FD0FE}"
EndProject
Project("{A33008B1-5DAC-44D5-9060-242E3B6E38F2}") = "Boo.Lang.Interpreter.Tests", "..\tests\Boo.Lang.Interpreter.Tests\Boo.Lang.Interpreter.Tests.booproj", "{6B5F795B-0317-4C25-9115-115965CC78BE}"
EndProject
Project("{A33008B1-5DAC-44D5-9060-242E3B6E38F2}") = "booi", "booi\booi.booproj", "{9C99A35C-33DE-460D-80E7-1E85FC06ED78}"
EndProject
Global
	GlobalSection(SolutionConfigurationPlatforms) = preSolution
		Debug|Any CPU = Debug|Any CPU
		Release|Any CPU = Release|Any CPU
	EndGlobalSection
	GlobalSection(ProjectConfigurationPlatforms) = postSolution
		{8F36FEA8-5EC9-46D3-BE8D-39AE484C1266}.Debug|Any CPU.ActiveCfg = Debug|Any CPU
		{8F36FEA8-5EC9-46D3-BE8D-39AE484C1266}.Debug|Any CPU.Build.0 = Debug|Any CPU
		{8F36FEA8-5EC9-46D3-BE8D-39AE484C1266}.Release|Any CPU.ActiveCfg = Release|Any CPU
		{8F36FEA8-5EC9-46D3-BE8D-39AE484C1266}.Release|Any CPU.Build.0 = Release|Any CPU
		{C1943936-DBBD-4331-94C3-BE4F7E6229DA}.Debug|Any CPU.ActiveCfg = Debug|Any CPU
		{C1943936-DBBD-4331-94C3-BE4F7E6229DA}.Debug|Any CPU.Build.0 = Debug|Any CPU
		{C1943936-DBBD-4331-94C3-BE4F7E6229DA}.Release|Any CPU.ActiveCfg = Release|Any CPU
		{C1943936-DBBD-4331-94C3-BE4F7E6229DA}.Release|Any CPU.Build.0 = Release|Any CPU
		{83C914F8-1F12-4879-925D-D831A04366BD}.Debug|Any CPU.ActiveCfg = Debug|Any CPU
		{83C914F8-1F12-4879-925D-D831A04366BD}.Debug|Any CPU.Build.0 = Debug|Any CPU
		{83C914F8-1F12-4879-925D-D831A04366BD}.Release|Any CPU.ActiveCfg = Release|Any CPU
		{83C914F8-1F12-4879-925D-D831A04366BD}.Release|Any CPU.Build.0 = Release|Any CPU
		{3D5461D4-F243-41A5-927B-6636CEE2E6B8}.Debug|Any CPU.ActiveCfg = Debug|Any CPU
		{3D5461D4-F243-41A5-927B-6636CEE2E6B8}.Debug|Any CPU.Build.0 = Debug|Any CPU
		{3D5461D4-F243-41A5-927B-6636CEE2E6B8}.Release|Any CPU.ActiveCfg = Release|Any CPU
		{3D5461D4-F243-41A5-927B-6636CEE2E6B8}.Release|Any CPU.Build.0 = Release|Any CPU
		{86284E52-4C54-48CB-A286-4E34047AF1EF}.Debug|Any CPU.Build.0 = Debug|Any CPU
		{86284E52-4C54-48CB-A286-4E34047AF1EF}.Debug|Any CPU.ActiveCfg = Debug|Any CPU
		{86284E52-4C54-48CB-A286-4E34047AF1EF}.Release|Any CPU.Build.0 = Release|Any CPU
		{86284E52-4C54-48CB-A286-4E34047AF1EF}.Release|Any CPU.ActiveCfg = Release|Any CPU
		{5AB9F617-B157-4BFC-B251-EB64C4697FC0}.Debug|Any CPU.Build.0 = Debug|Any CPU
		{5AB9F617-B157-4BFC-B251-EB64C4697FC0}.Debug|Any CPU.ActiveCfg = Debug|Any CPU
		{5AB9F617-B157-4BFC-B251-EB64C4697FC0}.Release|Any CPU.Build.0 = Release|Any CPU
		{5AB9F617-B157-4BFC-B251-EB64C4697FC0}.Release|Any CPU.ActiveCfg = Release|Any CPU
		{2959A917-16D3-4F32-9B0B-AC3CF00A5D8A}.Debug|Any CPU.Build.0 = Debug|Any CPU
		{2959A917-16D3-4F32-9B0B-AC3CF00A5D8A}.Debug|Any CPU.ActiveCfg = Debug|Any CPU
		{2959A917-16D3-4F32-9B0B-AC3CF00A5D8A}.Release|Any CPU.Build.0 = Release|Any CPU
		{2959A917-16D3-4F32-9B0B-AC3CF00A5D8A}.Release|Any CPU.ActiveCfg = Release|Any CPU
		{C7CA440B-2A76-420D-8B0E-5E5C1676F451}.Debug|Any CPU.Build.0 = Debug|Any CPU
		{C7CA440B-2A76-420D-8B0E-5E5C1676F451}.Debug|Any CPU.ActiveCfg = Debug|Any CPU
		{C7CA440B-2A76-420D-8B0E-5E5C1676F451}.Release|Any CPU.Build.0 = Release|Any CPU
		{C7CA440B-2A76-420D-8B0E-5E5C1676F451}.Release|Any CPU.ActiveCfg = Release|Any CPU
		{69186382-466B-4D10-997E-569F3F5FD0FE}.Debug|Any CPU.Build.0 = Debug|Any CPU
		{69186382-466B-4D10-997E-569F3F5FD0FE}.Debug|Any CPU.ActiveCfg = Debug|Any CPU
		{69186382-466B-4D10-997E-569F3F5FD0FE}.Release|Any CPU.Build.0 = Release|Any CPU
		{69186382-466B-4D10-997E-569F3F5FD0FE}.Release|Any CPU.ActiveCfg = Release|Any CPU
		2CCD02C3-ACA5-48BF-9CDE-D28B1D4C4A64.Debug|Any CPU.Build.0 = Debug|Any CPU
		2CCD02C3-ACA5-48BF-9CDE-D28B1D4C4A64.Debug|Any CPU.ActiveCfg = Debug|Any CPU
		2CCD02C3-ACA5-48BF-9CDE-D28B1D4C4A64.Release|Any CPU.Build.0 = Release|Any CPU
		2CCD02C3-ACA5-48BF-9CDE-D28B1D4C4A64.Release|Any CPU.ActiveCfg = Release|Any CPU
		{6B5F795B-0317-4C25-9115-115965CC78BE}.Debug|Any CPU.Build.0 = Debug|Any CPU
		{6B5F795B-0317-4C25-9115-115965CC78BE}.Debug|Any CPU.ActiveCfg = Debug|Any CPU
		{6B5F795B-0317-4C25-9115-115965CC78BE}.Release|Any CPU.Build.0 = Release|Any CPU
		{6B5F795B-0317-4C25-9115-115965CC78BE}.Release|Any CPU.ActiveCfg = Release|Any CPU
		{9C99A35C-33DE-460D-80E7-1E85FC06ED78}.Debug|Any CPU.Build.0 = Debug|Any CPU
		{9C99A35C-33DE-460D-80E7-1E85FC06ED78}.Debug|Any CPU.ActiveCfg = Debug|Any CPU
		{9C99A35C-33DE-460D-80E7-1E85FC06ED78}.Release|Any CPU.Build.0 = Release|Any CPU
		{9C99A35C-33DE-460D-80E7-1E85FC06ED78}.Release|Any CPU.ActiveCfg = Release|Any CPU
	EndGlobalSection
	GlobalSection(SolutionProperties) = preSolution
		HideSolutionNode = FALSE
	EndGlobalSection
EndGlobal
